
Microsoft Visual Studio Solution File, Format Version 12.00
# Visual Studio Version 16
VisualStudioVersion = 16.0.30225.117
MinimumVisualStudioVersion = 10.0.40219.1
Project("{FAE04EC0-301F-11D3-BF4B-00C04F79EFBC}") = "APISorteio", "APISorteio\APISorteio.csproj", "{0E9BA485-C797-4F66-B454-FE8DB5C20CF3}"
EndProject
Global
	GlobalSection(SolutionConfigurationPlatforms) = preSolution
		Debug|Any CPU = Debug|Any CPU
		Release|Any CPU = Release|Any CPU
	EndGlobalSection
	GlobalSection(ProjectConfigurationPlatforms) = postSolution
		{0E9BA485-C797-4F66-B454-FE8DB5C20CF3}.Debug|Any CPU.ActiveCfg = Debug|Any CPU
		{0E9BA485-C797-4F66-B454-FE8DB5C20CF3}.Debug|Any CPU.Build.0 = Debug|Any CPU
		{0E9BA485-C797-4F66-B454-FE8DB5C20CF3}.Release|Any CPU.ActiveCfg = Release|Any CPU
		{0E9BA485-C797-4F66-B454-FE8DB5C20CF3}.Release|Any CPU.Build.0 = Release|Any CPU
	EndGlobalSection
	GlobalSection(SolutionProperties) = preSolution
		HideSolutionNode = FALSE
	EndGlobalSection
	GlobalSection(ExtensibilityGlobals) = postSolution
		SolutionGuid = {C21A61D5-DC42-47BA-A363-97DE5C830BAA}
	EndGlobalSection
EndGlobal
